
Microsoft Visual Studio Solution File, Format Version 12.00
# Visual Studio Version 17
VisualStudioVersion = 17.11.35327.3
MinimumVisualStudioVersion = 10.0.40219.1
Project("{FAE04EC0-301F-11D3-BF4B-00C04F79EFBC}") = "IntroTIER", "IntroTIER\IntroTIER.csproj", "{FB048A85-7F14-48D0-B4B0-547F555147C4}"
EndProject
Project("{FAE04EC0-301F-11D3-BF4B-00C04F79EFBC}") = "BLL", "BLL\BLL.csproj", "{CEA7A3A8-35D8-4BEF-8105-1CDB6CB99D83}"
EndProject
Project("{FAE04EC0-301F-11D3-BF4B-00C04F79EFBC}") = "DAL", "DAL\DAL.csproj", "{1A033F8D-5B49-4B88-9B25-5A938A2C300F}"
EndProject
Global
	GlobalSection(SolutionConfigurationPlatforms) = preSolution
		Debug|Any CPU = Debug|Any CPU
		Release|Any CPU = Release|Any CPU
	EndGlobalSection
	GlobalSection(ProjectConfigurationPlatforms) = postSolution
		{FB048A85-7F14-48D0-B4B0-547F555147C4}.Debug|Any CPU.ActiveCfg = Debug|Any CPU
		{FB048A85-7F14-48D0-B4B0-547F555147C4}.Debug|Any CPU.Build.0 = Debug|Any CPU
		{FB048A85-7F14-48D0-B4B0-547F555147C4}.Release|Any CPU.ActiveCfg = Release|Any CPU
		{FB048A85-7F14-48D0-B4B0-547F555147C4}.Release|Any CPU.Build.0 = Release|Any CPU
		{CEA7A3A8-35D8-4BEF-8105-1CDB6CB99D83}.Debug|Any CPU.ActiveCfg = Debug|Any CPU
		{CEA7A3A8-35D8-4BEF-8105-1CDB6CB99D83}.Debug|Any CPU.Build.0 = Debug|Any CPU
		{CEA7A3A8-35D8-4BEF-8105-1CDB6CB99D83}.Release|Any CPU.ActiveCfg = Release|Any CPU
		{CEA7A3A8-35D8-4BEF-8105-1CDB6CB99D83}.Release|Any CPU.Build.0 = Release|Any CPU
		{1A033F8D-5B49-4B88-9B25-5A938A2C300F}.Debug|Any CPU.ActiveCfg = Debug|Any CPU
		{1A033F8D-5B49-4B88-9B25-5A938A2C300F}.Debug|Any CPU.Build.0 = Debug|Any CPU
		{1A033F8D-5B49-4B88-9B25-5A938A2C300F}.Release|Any CPU.ActiveCfg = Release|Any CPU
		{1A033F8D-5B49-4B88-9B25-5A938A2C300F}.Release|Any CPU.Build.0 = Release|Any CPU
	EndGlobalSection
	GlobalSection(SolutionProperties) = preSolution
		HideSolutionNode = FALSE
	EndGlobalSection
	GlobalSection(ExtensibilityGlobals) = postSolution
		SolutionGuid = {BC57DF9B-0C0F-4843-AC30-2C235174D19D}
	EndGlobalSection
EndGlobal
